
Microsoft Visual Studio Solution File, Format Version 12.00
# Visual Studio Version 17
VisualStudioVersion = 17.7.34024.191
MinimumVisualStudioVersion = 10.0.40219.1
Project("{FAE04EC0-301F-11D3-BF4B-00C04F79EFBC}") = "N11313201", "N11313201\N11313201.csproj", "{5B90672F-DCCF-4362-8A38-CADC5163FA40}"
EndProject
Global
	GlobalSection(SolutionConfigurationPlatforms) = preSolution
		Debug|Any CPU = Debug|Any CPU
		Release|Any CPU = Release|Any CPU
	EndGlobalSection
	GlobalSection(ProjectConfigurationPlatforms) = postSolution
		{5B90672F-DCCF-4362-8A38-CADC5163FA40}.Debug|Any CPU.ActiveCfg = Debug|Any CPU
		{5B90672F-DCCF-4362-8A38-CADC5163FA40}.Debug|Any CPU.Build.0 = Debug|Any CPU
		{5B90672F-DCCF-4362-8A38-CADC5163FA40}.Release|Any CPU.ActiveCfg = Release|Any CPU
		{5B90672F-DCCF-4362-8A38-CADC5163FA40}.Release|Any CPU.Build.0 = Release|Any CPU
	EndGlobalSection
	GlobalSection(SolutionProperties) = preSolution
		HideSolutionNode = FALSE
	EndGlobalSection
	GlobalSection(ExtensibilityGlobals) = postSolution
		SolutionGuid = {F1506BAA-BB98-4516-B1EC-2AB9ABB4D4DA}
	EndGlobalSection
EndGlobal
